// !$*UTF8*$!
{
	archiveVersion = 1;
	classes = {
	};
	objectVersion = 55;
	objects = {

/* Begin PBXBuildFile section */
		E07EF8DC27DA504A00A9BD2B /* AppDelegate.swift in Sources */ = {isa = PBXBuildFile; fileRef = E07EF8DB27DA504A00A9BD2B /* AppDelegate.swift */; };
		E07EF8DE27DA504A00A9BD2B /* SceneDelegate.swift in Sources */ = {isa = PBXBuildFile; fileRef = E07EF8DD27DA504A00A9BD2B /* SceneDelegate.swift */; };
		E07EF8E027DA504A00A9BD2B /* ViewController.swift in Sources */ = {isa = PBXBuildFile; fileRef = E07EF8DF27DA504A00A9BD2B /* ViewController.swift */; };
		E07EF8E327DA504A00A9BD2B /* Main.storyboard in Resources */ = {isa = PBXBuildFile; fileRef = E07EF8E127DA504A00A9BD2B /* Main.storyboard */; };
		E07EF8E527DA504C00A9BD2B /* Assets.xcassets in Resources */ = {isa = PBXBuildFile; fileRef = E07EF8E427DA504C00A9BD2B /* Assets.xcassets */; };
		E07EF8E827DA504C00A9BD2B /* LaunchScreen.storyboard in Resources */ = {isa = PBXBuildFile; fileRef = E07EF8E627DA504C00A9BD2B /* LaunchScreen.storyboard */; };
		E07EF8FD27DA504C00A9BD2B /* PersonAndChildrenUITests.swift in Sources */ = {isa = PBXBuildFile; fileRef = E07EF8FC27DA504C00A9BD2B /* PersonAndChildrenUITests.swift */; };
		E07EF8FF27DA504C00A9BD2B /* PersonAndChildrenUITestsLaunchTests.swift in Sources */ = {isa = PBXBuildFile; fileRef = E07EF8FE27DA504C00A9BD2B /* PersonAndChildrenUITestsLaunchTests.swift */; };
		E07EF90C27DA5C2D00A9BD2B /* TableView.swift in Sources */ = {isa = PBXBuildFile; fileRef = E07EF90B27DA5C2D00A9BD2B /* TableView.swift */; };
		E07EF90E27DA5C4500A9BD2B /* TableViewCell.swift in Sources */ = {isa = PBXBuildFile; fileRef = E07EF90D27DA5C4500A9BD2B /* TableViewCell.swift */; };
		E07EF91027DA5F9800A9BD2B /* TableViewHelper.swift in Sources */ = {isa = PBXBuildFile; fileRef = E07EF90F27DA5F9800A9BD2B /* TableViewHelper.swift */; };
		E07EF91327DA839B00A9BD2B /* Child.swift in Sources */ = {isa = PBXBuildFile; fileRef = E07EF91227DA839B00A9BD2B /* Child.swift */; };
		E07EF91827DA847700A9BD2B /* TableViewTests.swift in Sources */ = {isa = PBXBuildFile; fileRef = E07EF91727DA847700A9BD2B /* TableViewTests.swift */; };
		E07EF91B27DA8B2300A9BD2B /* ViewControllerTests.swift in Sources */ = {isa = PBXBuildFile; fileRef = E07EF91A27DA8B2300A9BD2B /* ViewControllerTests.swift */; };
/* End PBXBuildFile section */

/* Begin PBXBuildRule section */
		E07EF91927DA88D600A9BD2B /* PBXBuildRule */ = {
			isa = PBXBuildRule;
			compilerSpec = com.apple.compilers.proxy.script;
			fileType = text.plist;
			inputFiles = (
			);
			isEditable = 1;
			outputFiles = (
			);
			script = "# builtin-copyPlist\n";
		};
/* End PBXBuildRule section */

/* Begin PBXContainerItemProxy section */
		E07EF8EF27DA504C00A9BD2B /* PBXContainerItemProxy */ = {
			isa = PBXContainerItemProxy;
			containerPortal = E07EF8D027DA504A00A9BD2B /* Project object */;
			proxyType = 1;
			remoteGlobalIDString = E07EF8D727DA504A00A9BD2B;
			remoteInfo = PersonAndChildren;
		};
		E07EF8F927DA504C00A9BD2B /* PBXContainerItemProxy */ = {
			isa = PBXContainerItemProxy;
			containerPortal = E07EF8D027DA504A00A9BD2B /* Project object */;
			proxyType = 1;
			remoteGlobalIDString = E07EF8D727DA504A00A9BD2B;
			remoteInfo = PersonAndChildren;
		};
/* End PBXContainerItemProxy section */

/* Begin PBXFileReference section */
		E07EF8D827DA504A00A9BD2B /* PersonAndChildren.app */ = {isa = PBXFileReference; explicitFileType = wrapper.application; includeInIndex = 0; path = PersonAndChildren.app; sourceTree = BUILT_PRODUCTS_DIR; };
		E07EF8DB27DA504A00A9BD2B /* AppDelegate.swift */ = {isa = PBXFileReference; lastKnownFileType = sourcecode.swift; path = AppDelegate.swift; sourceTree = "<group>"; };
		E07EF8DD27DA504A00A9BD2B /* SceneDelegate.swift */ = {isa = PBXFileReference; lastKnownFileType = sourcecode.swift; path = SceneDelegate.swift; sourceTree = "<group>"; };
		E07EF8DF27DA504A00A9BD2B /* ViewController.swift */ = {isa = PBXFileReference; lastKnownFileType = sourcecode.swift; path = ViewController.swift; sourceTree = "<group>"; };
		E07EF8E227DA504A00A9BD2B /* Base */ = {isa = PBXFileReference; lastKnownFileType = file.storyboard; name = Base; path = Base.lproj/Main.storyboard; sourceTree = "<group>"; };
		E07EF8E427DA504C00A9BD2B /* Assets.xcassets */ = {isa = PBXFileReference; lastKnownFileType = folder.assetcatalog; path = Assets.xcassets; sourceTree = "<group>"; };
		E07EF8E727DA504C00A9BD2B /* Base */ = {isa = PBXFileReference; lastKnownFileType = file.storyboard; name = Base; path = Base.lproj/LaunchScreen.storyboard; sourceTree = "<group>"; };
		E07EF8E927DA504C00A9BD2B /* Info.plist */ = {isa = PBXFileReference; lastKnownFileType = text.plist.xml; path = Info.plist; sourceTree = "<group>"; };
		E07EF8EE27DA504C00A9BD2B /* PersonAndChildrenTests.xctest */ = {isa = PBXFileReference; explicitFileType = wrapper.cfbundle; includeInIndex = 0; path = PersonAndChildrenTests.xctest; sourceTree = BUILT_PRODUCTS_DIR; };
		E07EF8F827DA504C00A9BD2B /* PersonAndChildrenUITests.xctest */ = {isa = PBXFileReference; explicitFileType = wrapper.cfbundle; includeInIndex = 0; path = PersonAndChildrenUITests.xctest; sourceTree = BUILT_PRODUCTS_DIR; };
		E07EF8FC27DA504C00A9BD2B /* PersonAndChildrenUITests.swift */ = {isa = PBXFileReference; lastKnownFileType = sourcecode.swift; path = PersonAndChildrenUITests.swift; sourceTree = "<group>"; };
		E07EF8FE27DA504C00A9BD2B /* PersonAndChildrenUITestsLaunchTests.swift */ = {isa = PBXFileReference; lastKnownFileType = sourcecode.swift; path = PersonAndChildrenUITestsLaunchTests.swift; sourceTree = "<group>"; };
		E07EF90B27DA5C2D00A9BD2B /* TableView.swift */ = {isa = PBXFileReference; lastKnownFileType = sourcecode.swift; path = TableView.swift; sourceTree = "<group>"; };
		E07EF90D27DA5C4500A9BD2B /* TableViewCell.swift */ = {isa = PBXFileReference; lastKnownFileType = sourcecode.swift; path = TableViewCell.swift; sourceTree = "<group>"; };
		E07EF90F27DA5F9800A9BD2B /* TableViewHelper.swift */ = {isa = PBXFileReference; lastKnownFileType = sourcecode.swift; path = TableViewHelper.swift; sourceTree = "<group>"; };
		E07EF91227DA839B00A9BD2B /* Child.swift */ = {isa = PBXFileReference; lastKnownFileType = sourcecode.swift; path = Child.swift; sourceTree = "<group>"; };
		E07EF91727DA847700A9BD2B /* TableViewTests.swift */ = {isa = PBXFileReference; lastKnownFileType = sourcecode.swift; path = TableViewTests.swift; sourceTree = "<group>"; };
		E07EF91A27DA8B2300A9BD2B /* ViewControllerTests.swift */ = {isa = PBXFileReference; lastKnownFileType = sourcecode.swift; path = ViewControllerTests.swift; sourceTree = "<group>"; };
/* End PBXFileReference section */

/* Begin PBXFrameworksBuildPhase section */
		E07EF8D527DA504A00A9BD2B /* Frameworks */ = {
			isa = PBXFrameworksBuildPhase;
			buildActionMask = 2147483647;
			files = (
			);
			runOnlyForDeploymentPostprocessing = 0;
		};
		E07EF8EB27DA504C00A9BD2B /* Frameworks */ = {
			isa = PBXFrameworksBuildPhase;
			buildActionMask = 2147483647;
			files = (
			);
			runOnlyForDeploymentPostprocessing = 0;
		};
		E07EF8F527DA504C00A9BD2B /* Frameworks */ = {
			isa = PBXFrameworksBuildPhase;
			buildActionMask = 2147483647;
			files = (
			);
			runOnlyForDeploymentPostprocessing = 0;
		};
/* End PBXFrameworksBuildPhase section */

/* Begin PBXGroup section */
		E07EF8CF27DA504A00A9BD2B = {
			isa = PBXGroup;
			children = (
				E07EF8DA27DA504A00A9BD2B /* PersonAndChildren */,
				E07EF8F127DA504C00A9BD2B /* PersonAndChildrenTests */,
				E07EF8FB27DA504C00A9BD2B /* PersonAndChildrenUITests */,
				E07EF8D927DA504A00A9BD2B /* Products */,
			);
			sourceTree = "<group>";
		};
		E07EF8D927DA504A00A9BD2B /* Products */ = {
			isa = PBXGroup;
			children = (
				E07EF8D827DA504A00A9BD2B /* PersonAndChildren.app */,
				E07EF8EE27DA504C00A9BD2B /* PersonAndChildrenTests.xctest */,
				E07EF8F827DA504C00A9BD2B /* PersonAndChildrenUITests.xctest */,
			);
			name = Products;
			sourceTree = "<group>";
		};
		E07EF8DA27DA504A00A9BD2B /* PersonAndChildren */ = {
			isa = PBXGroup;
			children = (
				E07EF91627DA843800A9BD2B /* Manager */,
				E07EF91427DA83A700A9BD2B /* Model */,
				E07EF91527DA840800A9BD2B /* View */,
				E07EF91127DA837900A9BD2B /* Supporting files */,
			);
			path = PersonAndChildren;
			sourceTree = "<group>";
		};
		E07EF8F127DA504C00A9BD2B /* PersonAndChildrenTests */ = {
			isa = PBXGroup;
			children = (
				E07EF91A27DA8B2300A9BD2B /* ViewControllerTests.swift */,
				E07EF91727DA847700A9BD2B /* TableViewTests.swift */,
			);
			path = PersonAndChildrenTests;
			sourceTree = "<group>";
		};
		E07EF8FB27DA504C00A9BD2B /* PersonAndChildrenUITests */ = {
			isa = PBXGroup;
			children = (
				E07EF8FC27DA504C00A9BD2B /* PersonAndChildrenUITests.swift */,
				E07EF8FE27DA504C00A9BD2B /* PersonAndChildrenUITestsLaunchTests.swift */,
			);
			path = PersonAndChildrenUITests;
			sourceTree = "<group>";
		};
		E07EF91127DA837900A9BD2B /* Supporting files */ = {
			isa = PBXGroup;
			children = (
				E07EF8DB27DA504A00A9BD2B /* AppDelegate.swift */,
				E07EF8DD27DA504A00A9BD2B /* SceneDelegate.swift */,
				E07EF8E127DA504A00A9BD2B /* Main.storyboard */,
				E07EF8E427DA504C00A9BD2B /* Assets.xcassets */,
				E07EF8E627DA504C00A9BD2B /* LaunchScreen.storyboard */,
				E07EF8E927DA504C00A9BD2B /* Info.plist */,
			);
			path = "Supporting files";
			sourceTree = "<group>";
		};
		E07EF91427DA83A700A9BD2B /* Model */ = {
			isa = PBXGroup;
			children = (
				E07EF91227DA839B00A9BD2B /* Child.swift */,
			);
			path = Model;
			sourceTree = "<group>";
		};
		E07EF91527DA840800A9BD2B /* View */ = {
			isa = PBXGroup;
			children = (
				E07EF8DF27DA504A00A9BD2B /* ViewController.swift */,
				E07EF90B27DA5C2D00A9BD2B /* TableView.swift */,
				E07EF90D27DA5C4500A9BD2B /* TableViewCell.swift */,
			);
			path = View;
			sourceTree = "<group>";
		};
		E07EF91627DA843800A9BD2B /* Manager */ = {
			isa = PBXGroup;
			children = (
				E07EF90F27DA5F9800A9BD2B /* TableViewHelper.swift */,
			);
			path = Manager;
			sourceTree = "<group>";
		};
/* End PBXGroup section */

/* Begin PBXNativeTarget section */
		E07EF8D727DA504A00A9BD2B /* PersonAndChildren */ = {
			isa = PBXNativeTarget;
			buildConfigurationList = E07EF90227DA504C00A9BD2B /* Build configuration list for PBXNativeTarget "PersonAndChildren" */;
			buildPhases = (
				E07EF8D427DA504A00A9BD2B /* Sources */,
				E07EF8D527DA504A00A9BD2B /* Frameworks */,
				E07EF8D627DA504A00A9BD2B /* Resources */,
			);
			buildRules = (
				E07EF91927DA88D600A9BD2B /* PBXBuildRule */,
			);
			dependencies = (
			);
			name = PersonAndChildren;
			productName = PersonAndChildren;
			productReference = E07EF8D827DA504A00A9BD2B /* PersonAndChildren.app */;
			productType = "com.apple.product-type.application";
		};
		E07EF8ED27DA504C00A9BD2B /* PersonAndChildrenTests */ = {
			isa = PBXNativeTarget;
			buildConfigurationList = E07EF90527DA504C00A9BD2B /* Build configuration list for PBXNativeTarget "PersonAndChildrenTests" */;
			buildPhases = (
				E07EF8EA27DA504C00A9BD2B /* Sources */,
				E07EF8EB27DA504C00A9BD2B /* Frameworks */,
				E07EF8EC27DA504C00A9BD2B /* Resources */,
			);
			buildRules = (
			);
			dependencies = (
				E07EF8F027DA504C00A9BD2B /* PBXTargetDependency */,
			);
			name = PersonAndChildrenTests;
			productName = PersonAndChildrenTests;
			productReference = E07EF8EE27DA504C00A9BD2B /* PersonAndChildrenTests.xctest */;
			productType = "com.apple.product-type.bundle.unit-test";
		};
		E07EF8F727DA504C00A9BD2B /* PersonAndChildrenUITests */ = {
			isa = PBXNativeTarget;
			buildConfigurationList = E07EF90827DA504C00A9BD2B /* Build configuration list for PBXNativeTarget "PersonAndChildrenUITests" */;
			buildPhases = (
				E07EF8F427DA504C00A9BD2B /* Sources */,
				E07EF8F527DA504C00A9BD2B /* Frameworks */,
				E07EF8F627DA504C00A9BD2B /* Resources */,
			);
			buildRules = (
			);
			dependencies = (
				E07EF8FA27DA504C00A9BD2B /* PBXTargetDependency */,
			);
			name = PersonAndChildrenUITests;
			productName = PersonAndChildrenUITests;
			productReference = E07EF8F827DA504C00A9BD2B /* PersonAndChildrenUITests.xctest */;
			productType = "com.apple.product-type.bundle.ui-testing";
		};
/* End PBXNativeTarget section */

/* Begin PBXProject section */
		E07EF8D027DA504A00A9BD2B /* Project object */ = {
			isa = PBXProject;
			attributes = {
				BuildIndependentTargetsInParallel = 1;
				LastSwiftUpdateCheck = 1320;
				LastUpgradeCheck = 1320;
				TargetAttributes = {
					E07EF8D727DA504A00A9BD2B = {
						CreatedOnToolsVersion = 13.2.1;
					};
					E07EF8ED27DA504C00A9BD2B = {
						CreatedOnToolsVersion = 13.2.1;
						TestTargetID = E07EF8D727DA504A00A9BD2B;
					};
					E07EF8F727DA504C00A9BD2B = {
						CreatedOnToolsVersion = 13.2.1;
						TestTargetID = E07EF8D727DA504A00A9BD2B;
					};
				};
			};
			buildConfigurationList = E07EF8D327DA504A00A9BD2B /* Build configuration list for PBXProject "PersonAndChildren" */;
			compatibilityVersion = "Xcode 13.0";
			developmentRegion = en;
			hasScannedForEncodings = 0;
			knownRegions = (
				en,
				Base,
			);
			mainGroup = E07EF8CF27DA504A00A9BD2B;
			productRefGroup = E07EF8D927DA504A00A9BD2B /* Products */;
			projectDirPath = "";
			projectRoot = "";
			targets = (
				E07EF8D727DA504A00A9BD2B /* PersonAndChildren */,
				E07EF8ED27DA504C00A9BD2B /* PersonAndChildrenTests */,
				E07EF8F727DA504C00A9BD2B /* PersonAndChildrenUITests */,
			);
		};
/* End PBXProject section */

/* Begin PBXResourcesBuildPhase section */
		E07EF8D627DA504A00A9BD2B /* Resources */ = {
			isa = PBXResourcesBuildPhase;
			buildActionMask = 2147483647;
			files = (
				E07EF8E827DA504C00A9BD2B /* LaunchScreen.storyboard in Resources */,
				E07EF8E527DA504C00A9BD2B /* Assets.xcassets in Resources */,
				E07EF8E327DA504A00A9BD2B /* Main.storyboard in Resources */,
			);
			runOnlyForDeploymentPostprocessing = 0;
		};
		E07EF8EC27DA504C00A9BD2B /* Resources */ = {
			isa = PBXResourcesBuildPhase;
			buildActionMask = 2147483647;
			files = (
			);
			runOnlyForDeploymentPostprocessing = 0;
		};
		E07EF8F627DA504C00A9BD2B /* Resources */ = {
			isa = PBXResourcesBuildPhase;
			buildActionMask = 2147483647;
			files = (
			);
			runOnlyForDeploymentPostprocessing = 0;
		};
/* End PBXResourcesBuildPhase section */

/* Begin PBXSourcesBuildPhase section */
		E07EF8D427DA504A00A9BD2B /* Sources */ = {
			isa = PBXSourcesBuildPhase;
			buildActionMask = 2147483647;
			files = (
				E07EF91027DA5F9800A9BD2B /* TableViewHelper.swift in Sources */,
				E07EF90E27DA5C4500A9BD2B /* TableViewCell.swift in Sources */,
				E07EF8E027DA504A00A9BD2B /* ViewController.swift in Sources */,
				E07EF8DC27DA504A00A9BD2B /* AppDelegate.swift in Sources */,
				E07EF8DE27DA504A00A9BD2B /* SceneDelegate.swift in Sources */,
				E07EF91327DA839B00A9BD2B /* Child.swift in Sources */,
				E07EF90C27DA5C2D00A9BD2B /* TableView.swift in Sources */,
			);
			runOnlyForDeploymentPostprocessing = 0;
		};
		E07EF8EA27DA504C00A9BD2B /* Sources */ = {
			isa = PBXSourcesBuildPhase;
			buildActionMask = 2147483647;
			files = (
				E07EF91827DA847700A9BD2B /* TableViewTests.swift in Sources */,
				E07EF91B27DA8B2300A9BD2B /* ViewControllerTests.swift in Sources */,
			);
			runOnlyForDeploymentPostprocessing = 0;
		};
		E07EF8F427DA504C00A9BD2B /* Sources */ = {
			isa = PBXSourcesBuildPhase;
			buildActionMask = 2147483647;
			files = (
				E07EF8FF27DA504C00A9BD2B /* PersonAndChildrenUITestsLaunchTests.swift in Sources */,
				E07EF8FD27DA504C00A9BD2B /* PersonAndChildrenUITests.swift in Sources */,
			);
			runOnlyForDeploymentPostprocessing = 0;
		};
/* End PBXSourcesBuildPhase section */

/* Begin PBXTargetDependency section */
		E07EF8F027DA504C00A9BD2B /* PBXTargetDependency */ = {
			isa = PBXTargetDependency;
			target = E07EF8D727DA504A00A9BD2B /* PersonAndChildren */;
			targetProxy = E07EF8EF27DA504C00A9BD2B /* PBXContainerItemProxy */;
		};
		E07EF8FA27DA504C00A9BD2B /* PBXTargetDependency */ = {
			isa = PBXTargetDependency;
			target = E07EF8D727DA504A00A9BD2B /* PersonAndChildren */;
			targetProxy = E07EF8F927DA504C00A9BD2B /* PBXContainerItemProxy */;
		};
/* End PBXTargetDependency section */

/* Begin PBXVariantGroup section */
		E07EF8E127DA504A00A9BD2B /* Main.storyboard */ = {
			isa = PBXVariantGroup;
			children = (
				E07EF8E227DA504A00A9BD2B /* Base */,
			);
			name = Main.storyboard;
			sourceTree = "<group>";
		};
		E07EF8E627DA504C00A9BD2B /* LaunchScreen.storyboard */ = {
			isa = PBXVariantGroup;
			children = (
				E07EF8E727DA504C00A9BD2B /* Base */,
			);
			name = LaunchScreen.storyboard;
			sourceTree = "<group>";
		};
/* End PBXVariantGroup section */

/* Begin XCBuildConfiguration section */
		E07EF90027DA504C00A9BD2B /* Debug */ = {
			isa = XCBuildConfiguration;
			buildSettings = {
				ALWAYS_SEARCH_USER_PATHS = NO;
				CLANG_ANALYZER_NONNULL = YES;
				CLANG_ANALYZER_NUMBER_OBJECT_CONVERSION = YES_AGGRESSIVE;
				CLANG_CXX_LANGUAGE_STANDARD = "gnu++17";
				CLANG_CXX_LIBRARY = "libc++";
				CLANG_ENABLE_MODULES = YES;
				CLANG_ENABLE_OBJC_ARC = YES;
				CLANG_ENABLE_OBJC_WEAK = YES;
				CLANG_WARN_BLOCK_CAPTURE_AUTORELEASING = YES;
				CLANG_WARN_BOOL_CONVERSION = YES;
				CLANG_WARN_COMMA = YES;
				CLANG_WARN_CONSTANT_CONVERSION = YES;
				CLANG_WARN_DEPRECATED_OBJC_IMPLEMENTATIONS = YES;
				CLANG_WARN_DIRECT_OBJC_ISA_USAGE = YES_ERROR;
				CLANG_WARN_DOCUMENTATION_COMMENTS = YES;
				CLANG_WARN_EMPTY_BODY = YES;
				CLANG_WARN_ENUM_CONVERSION = YES;
				CLANG_WARN_INFINITE_RECURSION = YES;
				CLANG_WARN_INT_CONVERSION = YES;
				CLANG_WARN_NON_LITERAL_NULL_CONVERSION = YES;
				CLANG_WARN_OBJC_IMPLICIT_RETAIN_SELF = YES;
				CLANG_WARN_OBJC_LITERAL_CONVERSION = YES;
				CLANG_WARN_OBJC_ROOT_CLASS = YES_ERROR;
				CLANG_WARN_QUOTED_INCLUDE_IN_FRAMEWORK_HEADER = YES;
				CLANG_WARN_RANGE_LOOP_ANALYSIS = YES;
				CLANG_WARN_STRICT_PROTOTYPES = YES;
				CLANG_WARN_SUSPICIOUS_MOVE = YES;
				CLANG_WARN_UNGUARDED_AVAILABILITY = YES_AGGRESSIVE;
				CLANG_WARN_UNREACHABLE_CODE = YES;
				CLANG_WARN__DUPLICATE_METHOD_MATCH = YES;
				COPY_PHASE_STRIP = NO;
				DEBUG_INFORMATION_FORMAT = dwarf;
				ENABLE_STRICT_OBJC_MSGSEND = YES;
				ENABLE_TESTABILITY = YES;
				GCC_C_LANGUAGE_STANDARD = gnu11;
				GCC_DYNAMIC_NO_PIC = NO;
				GCC_NO_COMMON_BLOCKS = YES;
				GCC_OPTIMIZATION_LEVEL = 0;
				GCC_PREPROCESSOR_DEFINITIONS = (
					"DEBUG=1",
					"$(inherited)",
				);
				GCC_WARN_64_TO_32_BIT_CONVERSION = YES;
				GCC_WARN_ABOUT_RETURN_TYPE = YES_ERROR;
				GCC_WARN_UNDECLARED_SELECTOR = YES;
				GCC_WARN_UNINITIALIZED_AUTOS = YES_AGGRESSIVE;
				GCC_WARN_UNUSED_FUNCTION = YES;
				GCC_WARN_UNUSED_VARIABLE = YES;
				IPHONEOS_DEPLOYMENT_TARGET = 15.2;
				MTL_ENABLE_DEBUG_INFO = INCLUDE_SOURCE;
				MTL_FAST_MATH = YES;
				ONLY_ACTIVE_ARCH = YES;
				SDKROOT = iphoneos;
				SWIFT_ACTIVE_COMPILATION_CONDITIONS = DEBUG;
				SWIFT_OPTIMIZATION_LEVEL = "-Onone";
			};
			name = Debug;
		};
		E07EF90127DA504C00A9BD2B /* Release */ = {
			isa = XCBuildConfiguration;
			buildSettings = {
				ALWAYS_SEARCH_USER_PATHS = NO;
				CLANG_ANALYZER_NONNULL = YES;
				CLANG_ANALYZER_NUMBER_OBJECT_CONVERSION = YES_AGGRESSIVE;
				CLANG_CXX_LANGUAGE_STANDARD = "gnu++17";
				CLANG_CXX_LIBRARY = "libc++";
				CLANG_ENABLE_MODULES = YES;
				CLANG_ENABLE_OBJC_ARC = YES;
				CLANG_ENABLE_OBJC_WEAK = YES;
				CLANG_WARN_BLOCK_CAPTURE_AUTORELEASING = YES;
				CLANG_WARN_BOOL_CONVERSION = YES;
				CLANG_WARN_COMMA = YES;
				CLANG_WARN_CONSTANT_CONVERSION = YES;
				CLANG_WARN_DEPRECATED_OBJC_IMPLEMENTATIONS = YES;
				CLANG_WARN_DIRECT_OBJC_ISA_USAGE = YES_ERROR;
				CLANG_WARN_DOCUMENTATION_COMMENTS = YES;
				CLANG_WARN_EMPTY_BODY = YES;
				CLANG_WARN_ENUM_CONVERSION = YES;
				CLANG_WARN_INFINITE_RECURSION = YES;
				CLANG_WARN_INT_CONVERSION = YES;
				CLANG_WARN_NON_LITERAL_NULL_CONVERSION = YES;
				CLANG_WARN_OBJC_IMPLICIT_RETAIN_SELF = YES;
				CLANG_WARN_OBJC_LITERAL_CONVERSION = YES;
				CLANG_WARN_OBJC_ROOT_CLASS = YES_ERROR;
				CLANG_WARN_QUOTED_INCLUDE_IN_FRAMEWORK_HEADER = YES;
				CLANG_WARN_RANGE_LOOP_ANALYSIS = YES;
				CLANG_WARN_STRICT_PROTOTYPES = YES;
				CLANG_WARN_SUSPICIOUS_MOVE = YES;
				CLANG_WARN_UNGUARDED_AVAILABILITY = YES_AGGRESSIVE;
				CLANG_WARN_UNREACHABLE_CODE = YES;
				CLANG_WARN__DUPLICATE_METHOD_MATCH = YES;
				COPY_PHASE_STRIP = NO;
				DEBUG_INFORMATION_FORMAT = "dwarf-with-dsym";
				ENABLE_NS_ASSERTIONS = NO;
				ENABLE_STRICT_OBJC_MSGSEND = YES;
				GCC_C_LANGUAGE_STANDARD = gnu11;
				GCC_NO_COMMON_BLOCKS = YES;
				GCC_WARN_64_TO_32_BIT_CONVERSION = YES;
				GCC_WARN_ABOUT_RETURN_TYPE = YES_ERROR;
				GCC_WARN_UNDECLARED_SELECTOR = YES;
				GCC_WARN_UNINITIALIZED_AUTOS = YES_AGGRESSIVE;
				GCC_WARN_UNUSED_FUNCTION = YES;
				GCC_WARN_UNUSED_VARIABLE = YES;
				IPHONEOS_DEPLOYMENT_TARGET = 15.2;
				MTL_ENABLE_DEBUG_INFO = NO;
				MTL_FAST_MATH = YES;
				SDKROOT = iphoneos;
				SWIFT_COMPILATION_MODE = wholemodule;
				SWIFT_OPTIMIZATION_LEVEL = "-O";
				VALIDATE_PRODUCT = YES;
			};
			name = Release;
		};
		E07EF90327DA504C00A9BD2B /* Debug */ = {
			isa = XCBuildConfiguration;
			buildSettings = {
				ASSETCATALOG_COMPILER_APPICON_NAME = AppIcon;
				ASSETCATALOG_COMPILER_GLOBAL_ACCENT_COLOR_NAME = AccentColor;
				CODE_SIGN_STYLE = Automatic;
				CURRENT_PROJECT_VERSION = 1;
				DEVELOPMENT_TEAM = VWW7MQ2767;
				GENERATE_INFOPLIST_FILE = YES;
				INFOPLIST_FILE = "PersonAndChildren/Supporting files/Info.plist";
				INFOPLIST_KEY_UIApplicationSupportsIndirectInputEvents = YES;
				INFOPLIST_KEY_UILaunchStoryboardName = LaunchScreen;
				INFOPLIST_KEY_UIMainStoryboardFile = Main;
				INFOPLIST_KEY_UISupportedInterfaceOrientations_iPad = "UIInterfaceOrientationPortrait UIInterfaceOrientationPortraitUpsideDown UIInterfaceOrientationLandscapeLeft UIInterfaceOrientationLandscapeRight";
				INFOPLIST_KEY_UISupportedInterfaceOrientations_iPhone = "UIInterfaceOrientationPortrait UIInterfaceOrientationLandscapeLeft UIInterfaceOrientationLandscapeRight";
				LD_RUNPATH_SEARCH_PATHS = (
					"$(inherited)",
					"@executable_path/Frameworks",
				);
				MARKETING_VERSION = 1.0;
				PRODUCT_BUNDLE_IDENTIFIER = com.hutr0.PersonAndChildren;
				PRODUCT_NAME = "$(TARGET_NAME)";
				SWIFT_EMIT_LOC_STRINGS = YES;
				SWIFT_VERSION = 5.0;
				TARGETED_DEVICE_FAMILY = "1,2";
			};
			name = Debug;
		};
		E07EF90427DA504C00A9BD2B /* Release */ = {
			isa = XCBuildConfiguration;
			buildSettings = {
				ASSETCATALOG_COMPILER_APPICON_NAME = AppIcon;
				ASSETCATALOG_COMPILER_GLOBAL_ACCENT_COLOR_NAME = AccentColor;
				CODE_SIGN_STYLE = Automatic;
				CURRENT_PROJECT_VERSION = 1;
				DEVELOPMENT_TEAM = VWW7MQ2767;
				GENERATE_INFOPLIST_FILE = YES;
				INFOPLIST_FILE = "PersonAndChildren/Supporting files/Info.plist";
				INFOPLIST_KEY_UIApplicationSupportsIndirectInputEvents = YES;
				INFOPLIST_KEY_UILaunchStoryboardName = LaunchScreen;
				INFOPLIST_KEY_UIMainStoryboardFile = Main;
				INFOPLIST_KEY_UISupportedInterfaceOrientations_iPad = "UIInterfaceOrientationPortrait UIInterfaceOrientationPortraitUpsideDown UIInterfaceOrientationLandscapeLeft UIInterfaceOrientationLandscapeRight";
				INFOPLIST_KEY_UISupportedInterfaceOrientations_iPhone = "UIInterfaceOrientationPortrait UIInterfaceOrientationLandscapeLeft UIInterfaceOrientationLandscapeRight";
				LD_RUNPATH_SEARCH_PATHS = (
					"$(inherited)",
					"@executable_path/Frameworks",
				);
				MARKETING_VERSION = 1.0;
				PRODUCT_BUNDLE_IDENTIFIER = com.hutr0.PersonAndChildren;
				PRODUCT_NAME = "$(TARGET_NAME)";
				SWIFT_EMIT_LOC_STRINGS = YES;
				SWIFT_VERSION = 5.0;
				TARGETED_DEVICE_FAMILY = "1,2";
			};
			name = Release;
		};
		E07EF90627DA504C00A9BD2B /* Debug */ = {
			isa = XCBuildConfiguration;
			buildSettings = {
				ALWAYS_EMBED_SWIFT_STANDARD_LIBRARIES = YES;
				BUNDLE_LOADER = "$(TEST_HOST)";
				CODE_SIGN_STYLE = Automatic;
				CURRENT_PROJECT_VERSION = 1;
				DEVELOPMENT_TEAM = VWW7MQ2767;
				GENERATE_INFOPLIST_FILE = YES;
				IPHONEOS_DEPLOYMENT_TARGET = 15.2;
				MARKETING_VERSION = 1.0;
				PRODUCT_BUNDLE_IDENTIFIER = com.hutr0.PersonAndChildrenTests;
				PRODUCT_NAME = "$(TARGET_NAME)";
				SWIFT_EMIT_LOC_STRINGS = NO;
				SWIFT_VERSION = 5.0;
				TARGETED_DEVICE_FAMILY = "1,2";
				TEST_HOST = "$(BUILT_PRODUCTS_DIR)/PersonAndChildren.app/PersonAndChildren";
			};
			name = Debug;
		};
		E07EF90727DA504C00A9BD2B /* Release */ = {
			isa = XCBuildConfiguration;
			buildSettings = {
				ALWAYS_EMBED_SWIFT_STANDARD_LIBRARIES = YES;
				BUNDLE_LOADER = "$(TEST_HOST)";
				CODE_SIGN_STYLE = Automatic;
				CURRENT_PROJECT_VERSION = 1;
				DEVELOPMENT_TEAM = VWW7MQ2767;
				GENERATE_INFOPLIST_FILE = YES;
				IPHONEOS_DEPLOYMENT_TARGET = 15.2;
				MARKETING_VERSION = 1.0;
				PRODUCT_BUNDLE_IDENTIFIER = com.hutr0.PersonAndChildrenTests;
				PRODUCT_NAME = "$(TARGET_NAME)";
				SWIFT_EMIT_LOC_STRINGS = NO;
				SWIFT_VERSION = 5.0;
				TARGETED_DEVICE_FAMILY = "1,2";
				TEST_HOST = "$(BUILT_PRODUCTS_DIR)/PersonAndChildren.app/PersonAndChildren";
			};
			name = Release;
		};
		E07EF90927DA504C00A9BD2B /* Debug */ = {
			isa = XCBuildConfiguration;
			buildSettings = {
				ALWAYS_EMBED_SWIFT_STANDARD_LIBRARIES = YES;
				CODE_SIGN_STYLE = Automatic;
				CURRENT_PROJECT_VERSION = 1;
				DEVELOPMENT_TEAM = VWW7MQ2767;
				GENERATE_INFOPLIST_FILE = YES;
				MARKETING_VERSION = 1.0;
				PRODUCT_BUNDLE_IDENTIFIER = com.hutr0.PersonAndChildrenUITests;
				PRODUCT_NAME = "$(TARGET_NAME)";
				SWIFT_EMIT_LOC_STRINGS = NO;
				SWIFT_VERSION = 5.0;
				TARGETED_DEVICE_FAMILY = "1,2";
				TEST_TARGET_NAME = PersonAndChildren;
			};
			name = Debug;
		};
		E07EF90A27DA504C00A9BD2B /* Release */ = {
			isa = XCBuildConfiguration;
			buildSettings = {
				ALWAYS_EMBED_SWIFT_STANDARD_LIBRARIES = YES;
				CODE_SIGN_STYLE = Automatic;
				CURRENT_PROJECT_VERSION = 1;
				DEVELOPMENT_TEAM = VWW7MQ2767;
				GENERATE_INFOPLIST_FILE = YES;
				MARKETING_VERSION = 1.0;
				PRODUCT_BUNDLE_IDENTIFIER = com.hutr0.PersonAndChildrenUITests;
				PRODUCT_NAME = "$(TARGET_NAME)";
				SWIFT_EMIT_LOC_STRINGS = NO;
				SWIFT_VERSION = 5.0;
				TARGETED_DEVICE_FAMILY = "1,2";
				TEST_TARGET_NAME = PersonAndChildren;
			};
			name = Release;
		};
/* End XCBuildConfiguration section */

/* Begin XCConfigurationList section */
		E07EF8D327DA504A00A9BD2B /* Build configuration list for PBXProject "PersonAndChildren" */ = {
			isa = XCConfigurationList;
			buildConfigurations = (
				E07EF90027DA504C00A9BD2B /* Debug */,
				E07EF90127DA504C00A9BD2B /* Release */,
			);
			defaultConfigurationIsVisible = 0;
			defaultConfigurationName = Release;
		};
		E07EF90227DA504C00A9BD2B /* Build configuration list for PBXNativeTarget "PersonAndChildren" */ = {
			isa = XCConfigurationList;
			buildConfigurations = (
				E07EF90327DA504C00A9BD2B /* Debug */,
				E07EF90427DA504C00A9BD2B /* Release */,
			);
			defaultConfigurationIsVisible = 0;
			defaultConfigurationName = Release;
		};
		E07EF90527DA504C00A9BD2B /* Build configuration list for PBXNativeTarget "PersonAndChildrenTests" */ = {
			isa = XCConfigurationList;
			buildConfigurations = (
				E07EF90627DA504C00A9BD2B /* Debug */,
				E07EF90727DA504C00A9BD2B /* Release */,
			);
			defaultConfigurationIsVisible = 0;
			defaultConfigurationName = Release;
		};
		E07EF90827DA504C00A9BD2B /* Build configuration list for PBXNativeTarget "PersonAndChildrenUITests" */ = {
			isa = XCConfigurationList;
			buildConfigurations = (
				E07EF90927DA504C00A9BD2B /* Debug */,
				E07EF90A27DA504C00A9BD2B /* Release */,
			);
			defaultConfigurationIsVisible = 0;
			defaultConfigurationName = Release;
		};
/* End XCConfigurationList section */
	};
	rootObject = E07EF8D027DA504A00A9BD2B /* Project object */;
}
